
Microsoft Visual Studio Solution File, Format Version 12.00
# Visual Studio Version 16
VisualStudioVersion = 16.0.32413.511
MinimumVisualStudioVersion = 10.0.40219.1
Project("{FAE04EC0-301F-11D3-BF4B-00C04F79EFBC}") = "TieuLuanLapTrinhCSDL", "TieuLuanLapTrinhCSDL.csproj", "{A2D2FE96-9983-4F1A-8063-3162269FFF1F}"
EndProject
Global
	GlobalSection(SolutionConfigurationPlatforms) = preSolution
		Debug|Any CPU = Debug|Any CPU
		Release|Any CPU = Release|Any CPU
	EndGlobalSection
	GlobalSection(ProjectConfigurationPlatforms) = postSolution
		{A2D2FE96-9983-4F1A-8063-3162269FFF1F}.Debug|Any CPU.ActiveCfg = Debug|Any CPU
		{A2D2FE96-9983-4F1A-8063-3162269FFF1F}.Debug|Any CPU.Build.0 = Debug|Any CPU
		{A2D2FE96-9983-4F1A-8063-3162269FFF1F}.Release|Any CPU.ActiveCfg = Release|Any CPU
		{A2D2FE96-9983-4F1A-8063-3162269FFF1F}.Release|Any CPU.Build.0 = Release|Any CPU
	EndGlobalSection
	GlobalSection(SolutionProperties) = preSolution
		HideSolutionNode = FALSE
	EndGlobalSection
	GlobalSection(ExtensibilityGlobals) = postSolution
		SolutionGuid = {1C333680-D4AD-44E9-AC85-9F02DDD36A09}
	EndGlobalSection
EndGlobal
